
Microsoft Visual Studio Solution File, Format Version 12.00
# Visual Studio 15
VisualStudioVersion = 15.0.28307.1022
MinimumVisualStudioVersion = 10.0.40219.1
Project("{FAE04EC0-301F-11D3-BF4B-00C04F79EFBC}") = "App01_ConsultarCEP.Android", "App01_ConsultarCEP\App01_ConsultarCEP.Android\App01_ConsultarCEP.Android.csproj", "{491366D5-7370-4AF5-B1C2-DDFC2C6F8D8A}"
EndProject
Project("{FAE04EC0-301F-11D3-BF4B-00C04F79EFBC}") = "App01_ConsultarCEP.iOS", "App01_ConsultarCEP\App01_ConsultarCEP.iOS\App01_ConsultarCEP.iOS.csproj", "{9C65E106-75DD-4B15-9DEC-F9F7BABD2D96}"
EndProject
Project("{FAE04EC0-301F-11D3-BF4B-00C04F79EFBC}") = "App01_ConsultarCEP.UWP", "App01_ConsultarCEP\App01_ConsultarCEP.UWP\App01_ConsultarCEP.UWP.csproj", "{9841CAED-4B76-45E1-A0AB-E873BFB55757}"
EndProject
Project("{FAE04EC0-301F-11D3-BF4B-00C04F79EFBC}") = "App01_ConsultarCEP", "App01_ConsultarCEP\App01_ConsultarCEP\App01_ConsultarCEP.csproj", "{33668341-B7A4-47DA-8D32-B8F9F353B652}"
EndProject
Global
	GlobalSection(SolutionConfigurationPlatforms) = preSolution
		Ad-Hoc|Any CPU = Ad-Hoc|Any CPU
		Ad-Hoc|ARM = Ad-Hoc|ARM
		Ad-Hoc|iPhone = Ad-Hoc|iPhone
		Ad-Hoc|iPhoneSimulator = Ad-Hoc|iPhoneSimulator
		Ad-Hoc|x64 = Ad-Hoc|x64
		Ad-Hoc|x86 = Ad-Hoc|x86
		AppStore|Any CPU = AppStore|Any CPU
		AppStore|ARM = AppStore|ARM
		AppStore|iPhone = AppStore|iPhone
		AppStore|iPhoneSimulator = AppStore|iPhoneSimulator
		AppStore|x64 = AppStore|x64
		AppStore|x86 = AppStore|x86
		Debug|Any CPU = Debug|Any CPU
		Debug|ARM = Debug|ARM
		Debug|iPhone = Debug|iPhone
		Debug|iPhoneSimulator = Debug|iPhoneSimulator
		Debug|x64 = Debug|x64
		Debug|x86 = Debug|x86
		Release|Any CPU = Release|Any CPU
		Release|ARM = Release|ARM
		Release|iPhone = Release|iPhone
		Release|iPhoneSimulator = Release|iPhoneSimulator
		Release|x64 = Release|x64
		Release|x86 = Release|x86
	EndGlobalSection
	GlobalSection(ProjectConfigurationPlatforms) = postSolution
		{491366D5-7370-4AF5-B1C2-DDFC2C6F8D8A}.Ad-Hoc|Any CPU.ActiveCfg = Release|Any CPU
		{491366D5-7370-4AF5-B1C2-DDFC2C6F8D8A}.Ad-Hoc|Any CPU.Build.0 = Release|Any CPU
		{491366D5-7370-4AF5-B1C2-DDFC2C6F8D8A}.Ad-Hoc|Any CPU.Deploy.0 = Release|Any CPU
		{491366D5-7370-4AF5-B1C2-DDFC2C6F8D8A}.Ad-Hoc|ARM.ActiveCfg = Release|Any CPU
		{491366D5-7370-4AF5-B1C2-DDFC2C6F8D8A}.Ad-Hoc|ARM.Build.0 = Release|Any CPU
		{491366D5-7370-4AF5-B1C2-DDFC2C6F8D8A}.Ad-Hoc|ARM.Deploy.0 = Release|Any CPU
		{491366D5-7370-4AF5-B1C2-DDFC2C6F8D8A}.Ad-Hoc|iPhone.ActiveCfg = Release|Any CPU
		{491366D5-7370-4AF5-B1C2-DDFC2C6F8D8A}.Ad-Hoc|iPhone.Build.0 = Release|Any CPU
		{491366D5-7370-4AF5-B1C2-DDFC2C6F8D8A}.Ad-Hoc|iPhone.Deploy.0 = Release|Any CPU
		{491366D5-7370-4AF5-B1C2-DDFC2C6F8D8A}.Ad-Hoc|iPhoneSimulator.ActiveCfg = Release|Any CPU
		{491366D5-7370-4AF5-B1C2-DDFC2C6F8D8A}.Ad-Hoc|iPhoneSimulator.Build.0 = Release|Any CPU
		{491366D5-7370-4AF5-B1C2-DDFC2C6F8D8A}.Ad-Hoc|iPhoneSimulator.Deploy.0 = Release|Any CPU
		{491366D5-7370-4AF5-B1C2-DDFC2C6F8D8A}.Ad-Hoc|x64.ActiveCfg = Release|Any CPU
		{491366D5-7370-4AF5-B1C2-DDFC2C6F8D8A}.Ad-Hoc|x64.Build.0 = Release|Any CPU
		{491366D5-7370-4AF5-B1C2-DDFC2C6F8D8A}.Ad-Hoc|x64.Deploy.0 = Release|Any CPU
		{491366D5-7370-4AF5-B1C2-DDFC2C6F8D8A}.Ad-Hoc|x86.ActiveCfg = Release|Any CPU
		{491366D5-7370-4AF5-B1C2-DDFC2C6F8D8A}.Ad-Hoc|x86.Build.0 = Release|Any CPU
		{491366D5-7370-4AF5-B1C2-DDFC2C6F8D8A}.Ad-Hoc|x86.Deploy.0 = Release|Any CPU
		{491366D5-7370-4AF5-B1C2-DDFC2C6F8D8A}.AppStore|Any CPU.ActiveCfg = Release|Any CPU
		{491366D5-7370-4AF5-B1C2-DDFC2C6F8D8A}.AppStore|Any CPU.Build.0 = Release|Any CPU
		{491366D5-7370-4AF5-B1C2-DDFC2C6F8D8A}.AppStore|Any CPU.Deploy.0 = Release|Any CPU
		{491366D5-7370-4AF5-B1C2-DDFC2C6F8D8A}.AppStore|ARM.ActiveCfg = Release|Any CPU
		{491366D5-7370-4AF5-B1C2-DDFC2C6F8D8A}.AppStore|ARM.Build.0 = Release|Any CPU
		{491366D5-7370-4AF5-B1C2-DDFC2C6F8D8A}.AppStore|ARM.Deploy.0 = Release|Any CPU
		{491366D5-7370-4AF5-B1C2-DDFC2C6F8D8A}.AppStore|iPhone.ActiveCfg = Release|Any CPU
		{491366D5-7370-4AF5-B1C2-DDFC2C6F8D8A}.AppStore|iPhone.Build.0 = Release|Any CPU
		{491366D5-7370-4AF5-B1C2-DDFC2C6F8D8A}.AppStore|iPhone.Deploy.0 = Release|Any CPU
		{491366D5-7370-4AF5-B1C2-DDFC2C6F8D8A}.AppStore|iPhoneSimulator.ActiveCfg = Release|Any CPU
		{491366D5-7370-4AF5-B1C2-DDFC2C6F8D8A}.AppStore|iPhoneSimulator.Build.0 = Release|Any CPU
		{491366D5-7370-4AF5-B1C2-DDFC2C6F8D8A}.AppStore|iPhoneSimulator.Deploy.0 = Release|Any CPU
		{491366D5-7370-4AF5-B1C2-DDFC2C6F8D8A}.AppStore|x64.ActiveCfg = Release|Any CPU
		{491366D5-7370-4AF5-B1C2-DDFC2C6F8D8A}.AppStore|x64.Build.0 = Release|Any CPU
		{491366D5-7370-4AF5-B1C2-DDFC2C6F8D8A}.AppStore|x64.Deploy.0 = Release|Any CPU
		{491366D5-7370-4AF5-B1C2-DDFC2C6F8D8A}.AppStore|x86.ActiveCfg = Release|Any CPU
		{491366D5-7370-4AF5-B1C2-DDFC2C6F8D8A}.AppStore|x86.Build.0 = Release|Any CPU
		{491366D5-7370-4AF5-B1C2-DDFC2C6F8D8A}.AppStore|x86.Deploy.0 = Release|Any CPU
		{491366D5-7370-4AF5-B1C2-DDFC2C6F8D8A}.Debug|Any CPU.ActiveCfg = Debug|Any CPU
		{491366D5-7370-4AF5-B1C2-DDFC2C6F8D8A}.Debug|Any CPU.Build.0 = Debug|Any CPU
		{491366D5-7370-4AF5-B1C2-DDFC2C6F8D8A}.Debug|Any CPU.Deploy.0 = Debug|Any CPU
		{491366D5-7370-4AF5-B1C2-DDFC2C6F8D8A}.Debug|ARM.ActiveCfg = Debug|Any CPU
		{491366D5-7370-4AF5-B1C2-DDFC2C6F8D8A}.Debug|ARM.Build.0 = Debug|Any CPU
		{491366D5-7370-4AF5-B1C2-DDFC2C6F8D8A}.Debug|ARM.Deploy.0 = Debug|Any CPU
		{491366D5-7370-4AF5-B1C2-DDFC2C6F8D8A}.Debug|iPhone.ActiveCfg = Debug|Any CPU
		{491366D5-7370-4AF5-B1C2-DDFC2C6F8D8A}.Debug|iPhone.Build.0 = Debug|Any CPU
		{491366D5-7370-4AF5-B1C2-DDFC2C6F8D8A}.Debug|iPhone.Deploy.0 = Debug|Any CPU
		{491366D5-7370-4AF5-B1C2-DDFC2C6F8D8A}.Debug|iPhoneSimulator.ActiveCfg = Debug|Any CPU
		{491366D5-7370-4AF5-B1C2-DDFC2C6F8D8A}.Debug|iPhoneSimulator.Build.0 = Debug|Any CPU
		{491366D5-7370-4AF5-B1C2-DDFC2C6F8D8A}.Debug|iPhoneSimulator.Deploy.0 = Debug|Any CPU
		{491366D5-7370-4AF5-B1C2-DDFC2C6F8D8A}.Debug|x64.ActiveCfg = Debug|Any CPU
		{491366D5-7370-4AF5-B1C2-DDFC2C6F8D8A}.Debug|x64.Build.0 = Debug|Any CPU
		{491366D5-7370-4AF5-B1C2-DDFC2C6F8D8A}.Debug|x64.Deploy.0 = Debug|Any CPU
		{491366D5-7370-4AF5-B1C2-DDFC2C6F8D8A}.Debug|x86.ActiveCfg = Debug|Any CPU
		{491366D5-7370-4AF5-B1C2-DDFC2C6F8D8A}.Debug|x86.Build.0 = Debug|Any CPU
		{491366D5-7370-4AF5-B1C2-DDFC2C6F8D8A}.Debug|x86.Deploy.0 = Debug|Any CPU
		{491366D5-7370-4AF5-B1C2-DDFC2C6F8D8A}.Release|Any CPU.ActiveCfg = Release|Any CPU
		{491366D5-7370-4AF5-B1C2-DDFC2C6F8D8A}.Release|Any CPU.Build.0 = Release|Any CPU
		{491366D5-7370-4AF5-B1C2-DDFC2C6F8D8A}.Release|Any CPU.Deploy.0 = Release|Any CPU
		{491366D5-7370-4AF5-B1C2-DDFC2C6F8D8A}.Release|ARM.ActiveCfg = Release|Any CPU
		{491366D5-7370-4AF5-B1C2-DDFC2C6F8D8A}.Release|ARM.Build.0 = Release|Any CPU
		{491366D5-7370-4AF5-B1C2-DDFC2C6F8D8A}.Release|ARM.Deploy.0 = Release|Any CPU
		{491366D5-7370-4AF5-B1C2-DDFC2C6F8D8A}.Release|iPhone.ActiveCfg = Release|Any CPU
		{491366D5-7370-4AF5-B1C2-DDFC2C6F8D8A}.Release|iPhone.Build.0 = Release|Any CPU
		{491366D5-7370-4AF5-B1C2-DDFC2C6F8D8A}.Release|iPhone.Deploy.0 = Release|Any CPU
		{491366D5-7370-4AF5-B1C2-DDFC2C6F8D8A}.Release|iPhoneSimulator.ActiveCfg = Release|Any CPU
		{491366D5-7370-4AF5-B1C2-DDFC2C6F8D8A}.Release|iPhoneSimulator.Build.0 = Release|Any CPU
		{491366D5-7370-4AF5-B1C2-DDFC2C6F8D8A}.Release|iPhoneSimulator.Deploy.0 = Release|Any CPU
		{491366D5-7370-4AF5-B1C2-DDFC2C6F8D8A}.Release|x64.ActiveCfg = Release|Any CPU
		{491366D5-7370-4AF5-B1C2-DDFC2C6F8D8A}.Release|x64.Build.0 = Release|Any CPU
		{491366D5-7370-4AF5-B1C2-DDFC2C6F8D8A}.Release|x64.Deploy.0 = Release|Any CPU
		{491366D5-7370-4AF5-B1C2-DDFC2C6F8D8A}.Release|x86.ActiveCfg = Release|Any CPU
		{491366D5-7370-4AF5-B1C2-DDFC2C6F8D8A}.Release|x86.Build.0 = Release|Any CPU
		{491366D5-7370-4AF5-B1C2-DDFC2C6F8D8A}.Release|x86.Deploy.0 = Release|Any CPU
		{9C65E106-75DD-4B15-9DEC-F9F7BABD2D96}.Ad-Hoc|Any CPU.ActiveCfg = Ad-Hoc|iPhone
		{9C65E106-75DD-4B15-9DEC-F9F7BABD2D96}.Ad-Hoc|Any CPU.Build.0 = Ad-Hoc|iPhone
		{9C65E106-75DD-4B15-9DEC-F9F7BABD2D96}.Ad-Hoc|Any CPU.Deploy.0 = Ad-Hoc|iPhone
		{9C65E106-75DD-4B15-9DEC-F9F7BABD2D96}.Ad-Hoc|ARM.ActiveCfg = Ad-Hoc|iPhone
		{9C65E106-75DD-4B15-9DEC-F9F7BABD2D96}.Ad-Hoc|ARM.Build.0 = Ad-Hoc|iPhone
		{9C65E106-75DD-4B15-9DEC-F9F7BABD2D96}.Ad-Hoc|ARM.Deploy.0 = Ad-Hoc|iPhone
		{9C65E106-75DD-4B15-9DEC-F9F7BABD2D96}.Ad-Hoc|iPhone.ActiveCfg = Ad-Hoc|iPhone
		{9C65E106-75DD-4B15-9DEC-F9F7BABD2D96}.Ad-Hoc|iPhone.Build.0 = Ad-Hoc|iPhone
		{9C65E106-75DD-4B15-9DEC-F9F7BABD2D96}.Ad-Hoc|iPhone.Deploy.0 = Ad-Hoc|iPhone
		{9C65E106-75DD-4B15-9DEC-F9F7BABD2D96}.Ad-Hoc|iPhoneSimulator.ActiveCfg = Ad-Hoc|iPhoneSimulator
		{9C65E106-75DD-4B15-9DEC-F9F7BABD2D96}.Ad-Hoc|iPhoneSimulator.Build.0 = Ad-Hoc|iPhoneSimulator
		{9C65E106-75DD-4B15-9DEC-F9F7BABD2D96}.Ad-Hoc|iPhoneSimulator.Deploy.0 = Ad-Hoc|iPhoneSimulator
		{9C65E106-75DD-4B15-9DEC-F9F7BABD2D96}.Ad-Hoc|x64.ActiveCfg = Ad-Hoc|iPhone
		{9C65E106-75DD-4B15-9DEC-F9F7BABD2D96}.Ad-Hoc|x64.Build.0 = Ad-Hoc|iPhone
		{9C65E106-75DD-4B15-9DEC-F9F7BABD2D96}.Ad-Hoc|x64.Deploy.0 = Ad-Hoc|iPhone
		{9C65E106-75DD-4B15-9DEC-F9F7BABD2D96}.Ad-Hoc|x86.ActiveCfg = Ad-Hoc|iPhone
		{9C65E106-75DD-4B15-9DEC-F9F7BABD2D96}.Ad-Hoc|x86.Build.0 = Ad-Hoc|iPhone
		{9C65E106-75DD-4B15-9DEC-F9F7BABD2D96}.Ad-Hoc|x86.Deploy.0 = Ad-Hoc|iPhone
		{9C65E106-75DD-4B15-9DEC-F9F7BABD2D96}.AppStore|Any CPU.ActiveCfg = AppStore|iPhone
		{9C65E106-75DD-4B15-9DEC-F9F7BABD2D96}.AppStore|Any CPU.Build.0 = AppStore|iPhone
		{9C65E106-75DD-4B15-9DEC-F9F7BABD2D96}.AppStore|Any CPU.Deploy.0 = AppStore|iPhone
		{9C65E106-75DD-4B15-9DEC-F9F7BABD2D96}.AppStore|ARM.ActiveCfg = AppStore|iPhone
		{9C65E106-75DD-4B15-9DEC-F9F7BABD2D96}.AppStore|ARM.Build.0 = AppStore|iPhone
		{9C65E106-75DD-4B15-9DEC-F9F7BABD2D96}.AppStore|ARM.Deploy.0 = AppStore|iPhone
		{9C65E106-75DD-4B15-9DEC-F9F7BABD2D96}.AppStore|iPhone.ActiveCfg = AppStore|iPhone
		{9C65E106-75DD-4B15-9DEC-F9F7BABD2D96}.AppStore|iPhone.Build.0 = AppStore|iPhone
		{9C65E106-75DD-4B15-9DEC-F9F7BABD2D96}.AppStore|iPhone.Deploy.0 = AppStore|iPhone
		{9C65E106-75DD-4B15-9DEC-F9F7BABD2D96}.AppStore|iPhoneSimulator.ActiveCfg = AppStore|iPhoneSimulator
		{9C65E106-75DD-4B15-9DEC-F9F7BABD2D96}.AppStore|iPhoneSimulator.Build.0 = AppStore|iPhoneSimulator
		{9C65E106-75DD-4B15-9DEC-F9F7BABD2D96}.AppStore|iPhoneSimulator.Deploy.0 = AppStore|iPhoneSimulator
		{9C65E106-75DD-4B15-9DEC-F9F7BABD2D96}.AppStore|x64.ActiveCfg = AppStore|iPhone
		{9C65E106-75DD-4B15-9DEC-F9F7BABD2D96}.AppStore|x64.Build.0 = AppStore|iPhone
		{9C65E106-75DD-4B15-9DEC-F9F7BABD2D96}.AppStore|x64.Deploy.0 = AppStore|iPhone
		{9C65E106-75DD-4B15-9DEC-F9F7BABD2D96}.AppStore|x86.ActiveCfg = AppStore|iPhone
		{9C65E106-75DD-4B15-9DEC-F9F7BABD2D96}.AppStore|x86.Build.0 = AppStore|iPhone
		{9C65E106-75DD-4B15-9DEC-F9F7BABD2D96}.AppStore|x86.Deploy.0 = AppStore|iPhone
		{9C65E106-75DD-4B15-9DEC-F9F7BABD2D96}.Debug|Any CPU.ActiveCfg = Debug|iPhoneSimulator
		{9C65E106-75DD-4B15-9DEC-F9F7BABD2D96}.Debug|Any CPU.Build.0 = Debug|iPhoneSimulator
		{9C65E106-75DD-4B15-9DEC-F9F7BABD2D96}.Debug|Any CPU.Deploy.0 = Debug|iPhoneSimulator
		{9C65E106-75DD-4B15-9DEC-F9F7BABD2D96}.Debug|ARM.ActiveCfg = Debug|iPhone
		{9C65E106-75DD-4B15-9DEC-F9F7BABD2D96}.Debug|ARM.Build.0 = Debug|iPhone
		{9C65E106-75DD-4B15-9DEC-F9F7BABD2D96}.Debug|ARM.Deploy.0 = Debug|iPhone
		{9C65E106-75DD-4B15-9DEC-F9F7BABD2D96}.Debug|iPhone.ActiveCfg = Debug|iPhone
		{9C65E106-75DD-4B15-9DEC-F9F7BABD2D96}.Debug|iPhone.Build.0 = Debug|iPhone
		{9C65E106-75DD-4B15-9DEC-F9F7BABD2D96}.Debug|iPhone.Deploy.0 = Debug|iPhone
		{9C65E106-75DD-4B15-9DEC-F9F7BABD2D96}.Debug|iPhoneSimulator.ActiveCfg = Debug|iPhoneSimulator
		{9C65E106-75DD-4B15-9DEC-F9F7BABD2D96}.Debug|iPhoneSimulator.Build.0 = Debug|iPhoneSimulator
		{9C65E106-75DD-4B15-9DEC-F9F7BABD2D96}.Debug|iPhoneSimulator.Deploy.0 = Debug|iPhoneSimulator
		{9C65E106-75DD-4B15-9DEC-F9F7BABD2D96}.Debug|x64.ActiveCfg = Debug|iPhone
		{9C65E106-75DD-4B15-9DEC-F9F7BABD2D96}.Debug|x64.Build.0 = Debug|iPhone
		{9C65E106-75DD-4B15-9DEC-F9F7BABD2D96}.Debug|x64.Deploy.0 = Debug|iPhone
		{9C65E106-75DD-4B15-9DEC-F9F7BABD2D96}.Debug|x86.ActiveCfg = Debug|iPhone
		{9C65E106-75DD-4B15-9DEC-F9F7BABD2D96}.Debug|x86.Build.0 = Debug|iPhone
		{9C65E106-75DD-4B15-9DEC-F9F7BABD2D96}.Debug|x86.Deploy.0 = Debug|iPhone
		{9C65E106-75DD-4B15-9DEC-F9F7BABD2D96}.Release|Any CPU.ActiveCfg = Release|iPhone
		{9C65E106-75DD-4B15-9DEC-F9F7BABD2D96}.Release|Any CPU.Build.0 = Release|iPhone
		{9C65E106-75DD-4B15-9DEC-F9F7BABD2D96}.Release|Any CPU.Deploy.0 = Release|iPhone
		{9C65E106-75DD-4B15-9DEC-F9F7BABD2D96}.Release|ARM.ActiveCfg = Release|iPhone
		{9C65E106-75DD-4B15-9DEC-F9F7BABD2D96}.Release|ARM.Build.0 = Release|iPhone
		{9C65E106-75DD-4B15-9DEC-F9F7BABD2D96}.Release|ARM.Deploy.0 = Release|iPhone
		{9C65E106-75DD-4B15-9DEC-F9F7BABD2D96}.Release|iPhone.ActiveCfg = Release|iPhone
		{9C65E106-75DD-4B15-9DEC-F9F7BABD2D96}.Release|iPhone.Build.0 = Release|iPhone
		{9C65E106-75DD-4B15-9DEC-F9F7BABD2D96}.Release|iPhone.Deploy.0 = Release|iPhone
		{9C65E106-75DD-4B15-9DEC-F9F7BABD2D96}.Release|iPhoneSimulator.ActiveCfg = Release|iPhoneSimulator
		{9C65E106-75DD-4B15-9DEC-F9F7BABD2D96}.Release|iPhoneSimulator.Build.0 = Release|iPhoneSimulator
		{9C65E106-75DD-4B15-9DEC-F9F7BABD2D96}.Release|iPhoneSimulator.Deploy.0 = Release|iPhoneSimulator
		{9C65E106-75DD-4B15-9DEC-F9F7BABD2D96}.Release|x64.ActiveCfg = Release|iPhone
		{9C65E106-75DD-4B15-9DEC-F9F7BABD2D96}.Release|x64.Build.0 = Release|iPhone
		{9C65E106-75DD-4B15-9DEC-F9F7BABD2D96}.Release|x64.Deploy.0 = Release|iPhone
		{9C65E106-75DD-4B15-9DEC-F9F7BABD2D96}.Release|x86.ActiveCfg = Release|iPhone
		{9C65E106-75DD-4B15-9DEC-F9F7BABD2D96}.Release|x86.Build.0 = Release|iPhone
		{9C65E106-75DD-4B15-9DEC-F9F7BABD2D96}.Release|x86.Deploy.0 = Release|iPhone
		{9841CAED-4B76-45E1-A0AB-E873BFB55757}.Ad-Hoc|Any CPU.ActiveCfg = Release|x86
		{9841CAED-4B76-45E1-A0AB-E873BFB55757}.Ad-Hoc|Any CPU.Build.0 = Release|x86
		{9841CAED-4B76-45E1-A0AB-E873BFB55757}.Ad-Hoc|Any CPU.Deploy.0 = Release|x86
		{9841CAED-4B76-45E1-A0AB-E873BFB55757}.Ad-Hoc|ARM.ActiveCfg = Release|ARM
		{9841CAED-4B76-45E1-A0AB-E873BFB55757}.Ad-Hoc|ARM.Build.0 = Release|ARM
		{9841CAED-4B76-45E1-A0AB-E873BFB55757}.Ad-Hoc|ARM.Deploy.0 = Release|ARM
		{9841CAED-4B76-45E1-A0AB-E873BFB55757}.Ad-Hoc|iPhone.ActiveCfg = Release|x86
		{9841CAED-4B76-45E1-A0AB-E873BFB55757}.Ad-Hoc|iPhone.Build.0 = Release|x86
		{9841CAED-4B76-45E1-A0AB-E873BFB55757}.Ad-Hoc|iPhone.Deploy.0 = Release|x86
		{9841CAED-4B76-45E1-A0AB-E873BFB55757}.Ad-Hoc|iPhoneSimulator.ActiveCfg = Release|x86
		{9841CAED-4B76-45E1-A0AB-E873BFB55757}.Ad-Hoc|iPhoneSimulator.Build.0 = Release|x86
		{9841CAED-4B76-45E1-A0AB-E873BFB55757}.Ad-Hoc|iPhoneSimulator.Deploy.0 = Release|x86
		{9841CAED-4B76-45E1-A0AB-E873BFB55757}.Ad-Hoc|x64.ActiveCfg = Release|x64
		{9841CAED-4B76-45E1-A0AB-E873BFB55757}.Ad-Hoc|x64.Build.0 = Release|x64
		{9841CAED-4B76-45E1-A0AB-E873BFB55757}.Ad-Hoc|x64.Deploy.0 = Release|x64
		{9841CAED-4B76-45E1-A0AB-E873BFB55757}.Ad-Hoc|x86.ActiveCfg = Release|x86
		{9841CAED-4B76-45E1-A0AB-E873BFB55757}.Ad-Hoc|x86.Build.0 = Release|x86
		{9841CAED-4B76-45E1-A0AB-E873BFB55757}.Ad-Hoc|x86.Deploy.0 = Release|x86
		{9841CAED-4B76-45E1-A0AB-E873BFB55757}.AppStore|Any CPU.ActiveCfg = Release|x86
		{9841CAED-4B76-45E1-A0AB-E873BFB55757}.AppStore|Any CPU.Build.0 = Release|x86
		{9841CAED-4B76-45E1-A0AB-E873BFB55757}.AppStore|Any CPU.Deploy.0 = Release|x86
		{9841CAED-4B76-45E1-A0AB-E873BFB55757}.AppStore|ARM.ActiveCfg = Release|ARM
		{9841CAED-4B76-45E1-A0AB-E873BFB55757}.AppStore|ARM.Build.0 = Release|ARM
		{9841CAED-4B76-45E1-A0AB-E873BFB55757}.AppStore|ARM.Deploy.0 = Release|ARM
		{9841CAED-4B76-45E1-A0AB-E873BFB55757}.AppStore|iPhone.ActiveCfg = Release|x86
		{9841CAED-4B76-45E1-A0AB-E873BFB55757}.AppStore|iPhone.Build.0 = Release|x86
		{9841CAED-4B76-45E1-A0AB-E873BFB55757}.AppStore|iPhone.Deploy.0 = Release|x86
		{9841CAED-4B76-45E1-A0AB-E873BFB55757}.AppStore|iPhoneSimulator.ActiveCfg = Release|x86
		{9841CAED-4B76-45E1-A0AB-E873BFB55757}.AppStore|iPhoneSimulator.Build.0 = Release|x86
		{9841CAED-4B76-45E1-A0AB-E873BFB55757}.AppStore|iPhoneSimulator.Deploy.0 = Release|x86
		{9841CAED-4B76-45E1-A0AB-E873BFB55757}.AppStore|x64.ActiveCfg = Release|x64
		{9841CAED-4B76-45E1-A0AB-E873BFB55757}.AppStore|x64.Build.0 = Release|x64
		{9841CAED-4B76-45E1-A0AB-E873BFB55757}.AppStore|x64.Deploy.0 = Release|x64
		{9841CAED-4B76-45E1-A0AB-E873BFB55757}.AppStore|x86.ActiveCfg = Release|x86
		{9841CAED-4B76-45E1-A0AB-E873BFB55757}.AppStore|x86.Build.0 = Release|x86
		{9841CAED-4B76-45E1-A0AB-E873BFB55757}.AppStore|x86.Deploy.0 = Release|x86
		{9841CAED-4B76-45E1-A0AB-E873BFB55757}.Debug|Any CPU.ActiveCfg = Debug|x86
		{9841CAED-4B76-45E1-A0AB-E873BFB55757}.Debug|Any CPU.Build.0 = Debug|x86
		{9841CAED-4B76-45E1-A0AB-E873BFB55757}.Debug|Any CPU.Deploy.0 = Debug|x86
		{9841CAED-4B76-45E1-A0AB-E873BFB55757}.Debug|ARM.ActiveCfg = Debug|ARM
		{9841CAED-4B76-45E1-A0AB-E873BFB55757}.Debug|ARM.Build.0 = Debug|ARM
		{9841CAED-4B76-45E1-A0AB-E873BFB55757}.Debug|ARM.Deploy.0 = Debug|ARM
		{9841CAED-4B76-45E1-A0AB-E873BFB55757}.Debug|iPhone.ActiveCfg = Debug|x86
		{9841CAED-4B76-45E1-A0AB-E873BFB55757}.Debug|iPhone.Build.0 = Debug|x86
		{9841CAED-4B76-45E1-A0AB-E873BFB55757}.Debug|iPhone.Deploy.0 = Debug|x86
		{9841CAED-4B76-45E1-A0AB-E873BFB55757}.Debug|iPhoneSimulator.ActiveCfg = Debug|x86
		{9841CAED-4B76-45E1-A0AB-E873BFB55757}.Debug|iPhoneSimulator.Build.0 = Debug|x86
		{9841CAED-4B76-45E1-A0AB-E873BFB55757}.Debug|iPhoneSimulator.Deploy.0 = Debug|x86
		{9841CAED-4B76-45E1-A0AB-E873BFB55757}.Debug|x64.ActiveCfg = Debug|x64
		{9841CAED-4B76-45E1-A0AB-E873BFB55757}.Debug|x64.Build.0 = Debug|x64
		{9841CAED-4B76-45E1-A0AB-E873BFB55757}.Debug|x64.Deploy.0 = Debug|x64
		{9841CAED-4B76-45E1-A0AB-E873BFB55757}.Debug|x86.ActiveCfg = Debug|x86
		{9841CAED-4B76-45E1-A0AB-E873BFB55757}.Debug|x86.Build.0 = Debug|x86
		{9841CAED-4B76-45E1-A0AB-E873BFB55757}.Debug|x86.Deploy.0 = Debug|x86
		{9841CAED-4B76-45E1-A0AB-E873BFB55757}.Release|Any CPU.ActiveCfg = Release|x86
		{9841CAED-4B76-45E1-A0AB-E873BFB55757}.Release|Any CPU.Build.0 = Release|x86
		{9841CAED-4B76-45E1-A0AB-E873BFB55757}.Release|Any CPU.Deploy.0 = Release|x86
		{9841CAED-4B76-45E1-A0AB-E873BFB55757}.Release|ARM.ActiveCfg = Release|ARM
		{9841CAED-4B76-45E1-A0AB-E873BFB55757}.Release|ARM.Build.0 = Release|ARM
		{9841CAED-4B76-45E1-A0AB-E873BFB55757}.Release|ARM.Deploy.0 = Release|ARM
		{9841CAED-4B76-45E1-A0AB-E873BFB55757}.Release|iPhone.ActiveCfg = Release|x86
		{9841CAED-4B76-45E1-A0AB-E873BFB55757}.Release|iPhone.Build.0 = Release|x86
		{9841CAED-4B76-45E1-A0AB-E873BFB55757}.Release|iPhone.Deploy.0 = Release|x86
		{9841CAED-4B76-45E1-A0AB-E873BFB55757}.Release|iPhoneSimulator.ActiveCfg = Release|x86
		{9841CAED-4B76-45E1-A0AB-E873BFB55757}.Release|iPhoneSimulator.Build.0 = Release|x86
		{9841CAED-4B76-45E1-A0AB-E873BFB55757}.Release|iPhoneSimulator.Deploy.0 = Release|x86
		{9841CAED-4B76-45E1-A0AB-E873BFB55757}.Release|x64.ActiveCfg = Release|x64
		{9841CAED-4B76-45E1-A0AB-E873BFB55757}.Release|x64.Build.0 = Release|x64
		{9841CAED-4B76-45E1-A0AB-E873BFB55757}.Release|x64.Deploy.0 = Release|x64
		{9841CAED-4B76-45E1-A0AB-E873BFB55757}.Release|x86.ActiveCfg = Release|x86
		{9841CAED-4B76-45E1-A0AB-E873BFB55757}.Release|x86.Build.0 = Release|x86
		{9841CAED-4B76-45E1-A0AB-E873BFB55757}.Release|x86.Deploy.0 = Release|x86
		{33668341-B7A4-47DA-8D32-B8F9F353B652}.Ad-Hoc|Any CPU.ActiveCfg = Debug|Any CPU
		{33668341-B7A4-47DA-8D32-B8F9F353B652}.Ad-Hoc|Any CPU.Build.0 = Debug|Any CPU
		{33668341-B7A4-47DA-8D32-B8F9F353B652}.Ad-Hoc|Any CPU.Deploy.0 = Debug|Any CPU
		{33668341-B7A4-47DA-8D32-B8F9F353B652}.Ad-Hoc|ARM.ActiveCfg = Debug|Any CPU
		{33668341-B7A4-47DA-8D32-B8F9F353B652}.Ad-Hoc|ARM.Build.0 = Debug|Any CPU
		{33668341-B7A4-47DA-8D32-B8F9F353B652}.Ad-Hoc|ARM.Deploy.0 = Debug|Any CPU
		{33668341-B7A4-47DA-8D32-B8F9F353B652}.Ad-Hoc|iPhone.ActiveCfg = Debug|Any CPU
		{33668341-B7A4-47DA-8D32-B8F9F353B652}.Ad-Hoc|iPhone.Build.0 = Debug|Any CPU
		{33668341-B7A4-47DA-8D32-B8F9F353B652}.Ad-Hoc|iPhone.Deploy.0 = Debug|Any CPU
		{33668341-B7A4-47DA-8D32-B8F9F353B652}.Ad-Hoc|iPhoneSimulator.ActiveCfg = Debug|Any CPU
		{33668341-B7A4-47DA-8D32-B8F9F353B652}.Ad-Hoc|iPhoneSimulator.Build.0 = Debug|Any CPU
		{33668341-B7A4-47DA-8D32-B8F9F353B652}.Ad-Hoc|iPhoneSimulator.Deploy.0 = Debug|Any CPU
		{33668341-B7A4-47DA-8D32-B8F9F353B652}.Ad-Hoc|x64.ActiveCfg = Debug|Any CPU
		{33668341-B7A4-47DA-8D32-B8F9F353B652}.Ad-Hoc|x64.Build.0 = Debug|Any CPU
		{33668341-B7A4-47DA-8D32-B8F9F353B652}.Ad-Hoc|x64.Deploy.0 = Debug|Any CPU
		{33668341-B7A4-47DA-8D32-B8F9F353B652}.Ad-Hoc|x86.ActiveCfg = Debug|Any CPU
		{33668341-B7A4-47DA-8D32-B8F9F353B652}.Ad-Hoc|x86.Build.0 = Debug|Any CPU
		{33668341-B7A4-47DA-8D32-B8F9F353B652}.Ad-Hoc|x86.Deploy.0 = Debug|Any CPU
		{33668341-B7A4-47DA-8D32-B8F9F353B652}.AppStore|Any CPU.ActiveCfg = Debug|Any CPU
		{33668341-B7A4-47DA-8D32-B8F9F353B652}.AppStore|Any CPU.Build.0 = Debug|Any CPU
		{33668341-B7A4-47DA-8D32-B8F9F353B652}.AppStore|Any CPU.Deploy.0 = Debug|Any CPU
		{33668341-B7A4-47DA-8D32-B8F9F353B652}.AppStore|ARM.ActiveCfg = Debug|Any CPU
		{33668341-B7A4-47DA-8D32-B8F9F353B652}.AppStore|ARM.Build.0 = Debug|Any CPU
		{33668341-B7A4-47DA-8D32-B8F9F353B652}.AppStore|ARM.Deploy.0 = Debug|Any CPU
		{33668341-B7A4-47DA-8D32-B8F9F353B652}.AppStore|iPhone.ActiveCfg = Debug|Any CPU
		{33668341-B7A4-47DA-8D32-B8F9F353B652}.AppStore|iPhone.Build.0 = Debug|Any CPU
		{33668341-B7A4-47DA-8D32-B8F9F353B652}.AppStore|iPhone.Deploy.0 = Debug|Any CPU
		{33668341-B7A4-47DA-8D32-B8F9F353B652}.AppStore|iPhoneSimulator.ActiveCfg = Debug|Any CPU
		{33668341-B7A4-47DA-8D32-B8F9F353B652}.AppStore|iPhoneSimulator.Build.0 = Debug|Any CPU
		{33668341-B7A4-47DA-8D32-B8F9F353B652}.AppStore|iPhoneSimulator.Deploy.0 = Debug|Any CPU
		{33668341-B7A4-47DA-8D32-B8F9F353B652}.AppStore|x64.ActiveCfg = Debug|Any CPU
		{33668341-B7A4-47DA-8D32-B8F9F353B652}.AppStore|x64.Build.0 = Debug|Any CPU
		{33668341-B7A4-47DA-8D32-B8F9F353B652}.AppStore|x64.Deploy.0 = Debug|Any CPU
		{33668341-B7A4-47DA-8D32-B8F9F353B652}.AppStore|x86.ActiveCfg = Debug|Any CPU
		{33668341-B7A4-47DA-8D32-B8F9F353B652}.AppStore|x86.Build.0 = Debug|Any CPU
		{33668341-B7A4-47DA-8D32-B8F9F353B652}.AppStore|x86.Deploy.0 = Debug|Any CPU
		{33668341-B7A4-47DA-8D32-B8F9F353B652}.Debug|Any CPU.ActiveCfg = Debug|Any CPU
		{33668341-B7A4-47DA-8D32-B8F9F353B652}.Debug|Any CPU.Build.0 = Debug|Any CPU
		{33668341-B7A4-47DA-8D32-B8F9F353B652}.Debug|Any CPU.Deploy.0 = Debug|Any CPU
		{33668341-B7A4-47DA-8D32-B8F9F353B652}.Debug|ARM.ActiveCfg = Debug|Any CPU
		{33668341-B7A4-47DA-8D32-B8F9F353B652}.Debug|ARM.Build.0 = Debug|Any CPU
		{33668341-B7A4-47DA-8D32-B8F9F353B652}.Debug|ARM.Deploy.0 = Debug|Any CPU
		{33668341-B7A4-47DA-8D32-B8F9F353B652}.Debug|iPhone.ActiveCfg = Debug|Any CPU
		{33668341-B7A4-47DA-8D32-B8F9F353B652}.Debug|iPhone.Build.0 = Debug|Any CPU
		{33668341-B7A4-47DA-8D32-B8F9F353B652}.Debug|iPhone.Deploy.0 = Debug|Any CPU
		{33668341-B7A4-47DA-8D32-B8F9F353B652}.Debug|iPhoneSimulator.ActiveCfg = Debug|Any CPU
		{33668341-B7A4-47DA-8D32-B8F9F353B652}.Debug|iPhoneSimulator.Build.0 = Debug|Any CPU
		{33668341-B7A4-47DA-8D32-B8F9F353B652}.Debug|iPhoneSimulator.Deploy.0 = Debug|Any CPU
		{33668341-B7A4-47DA-8D32-B8F9F353B652}.Debug|x64.ActiveCfg = Debug|Any CPU
		{33668341-B7A4-47DA-8D32-B8F9F353B652}.Debug|x64.Build.0 = Debug|Any CPU
		{33668341-B7A4-47DA-8D32-B8F9F353B652}.Debug|x64.Deploy.0 = Debug|Any CPU
		{33668341-B7A4-47DA-8D32-B8F9F353B652}.Debug|x86.ActiveCfg = Debug|Any CPU
		{33668341-B7A4-47DA-8D32-B8F9F353B652}.Debug|x86.Build.0 = Debug|Any CPU
		{33668341-B7A4-47DA-8D32-B8F9F353B652}.Debug|x86.Deploy.0 = Debug|Any CPU
		{33668341-B7A4-47DA-8D32-B8F9F353B652}.Release|Any CPU.ActiveCfg = Release|Any CPU
		{33668341-B7A4-47DA-8D32-B8F9F353B652}.Release|Any CPU.Build.0 = Release|Any CPU
		{33668341-B7A4-47DA-8D32-B8F9F353B652}.Release|Any CPU.Deploy.0 = Release|Any CPU
		{33668341-B7A4-47DA-8D32-B8F9F353B652}.Release|ARM.ActiveCfg = Release|Any CPU
		{33668341-B7A4-47DA-8D32-B8F9F353B652}.Release|ARM.Build.0 = Release|Any CPU
		{33668341-B7A4-47DA-8D32-B8F9F353B652}.Release|ARM.Deploy.0 = Release|Any CPU
		{33668341-B7A4-47DA-8D32-B8F9F353B652}.Release|iPhone.ActiveCfg = Release|Any CPU
		{33668341-B7A4-47DA-8D32-B8F9F353B652}.Release|iPhone.Build.0 = Release|Any CPU
		{33668341-B7A4-47DA-8D32-B8F9F353B652}.Release|iPhone.Deploy.0 = Release|Any CPU
		{33668341-B7A4-47DA-8D32-B8F9F353B652}.Release|iPhoneSimulator.ActiveCfg = Release|Any CPU
		{33668341-B7A4-47DA-8D32-B8F9F353B652}.Release|iPhoneSimulator.Build.0 = Release|Any CPU
		{33668341-B7A4-47DA-8D32-B8F9F353B652}.Release|iPhoneSimulator.Deploy.0 = Release|Any CPU
		{33668341-B7A4-47DA-8D32-B8F9F353B652}.Release|x64.ActiveCfg = Release|Any CPU
		{33668341-B7A4-47DA-8D32-B8F9F353B652}.Release|x64.Build.0 = Release|Any CPU
		{33668341-B7A4-47DA-8D32-B8F9F353B652}.Release|x64.Deploy.0 = Release|Any CPU
		{33668341-B7A4-47DA-8D32-B8F9F353B652}.Release|x86.ActiveCfg = Release|Any CPU
		{33668341-B7A4-47DA-8D32-B8F9F353B652}.Release|x86.Build.0 = Release|Any CPU
		{33668341-B7A4-47DA-8D32-B8F9F353B652}.Release|x86.Deploy.0 = Release|Any CPU
	EndGlobalSection
	GlobalSection(SolutionProperties) = preSolution
		HideSolutionNode = FALSE
	EndGlobalSection
	GlobalSection(ExtensibilityGlobals) = postSolution
		SolutionGuid = {3834E5CB-8673-44F0-A0C4-C02EE13B9593}
	EndGlobalSection
EndGlobal
